
Microsoft Visual Studio Solution File, Format Version 11.00
# Visual Studio 2010
Project("{FAE04EC0-301F-11D3-BF4B-00C04F79EFBC}") = "UnityEngine.TestRunner", "UnityEngine.TestRunner.csproj", "{34B8D60D-E578-8168-B6EC-A1FD4D4510F6}"
EndProject
Project("{FAE04EC0-301F-11D3-BF4B-00C04F79EFBC}") = "UnityEngine.UI", "UnityEngine.UI.csproj", "{ABEAB272-7544-BD62-D345-677BA763B7DE}"
EndProject
Project("{FAE04EC0-301F-11D3-BF4B-00C04F79EFBC}") = "Unity.TextMeshPro", "Unity.TextMeshPro.csproj", "{D5B55355-2E0D-6047-412C-9530C2E58E8B}"
EndProject
Project("{FAE04EC0-301F-11D3-BF4B-00C04F79EFBC}") = "Unity.Timeline", "Unity.Timeline.csproj", "{0DD5B54E-79C8-CB0C-3625-30ACF804C81A}"
EndProject
Project("{FAE04EC0-301F-11D3-BF4B-00C04F79EFBC}") = "Unity.ScriptableBuildPipeline", "Unity.ScriptableBuildPipeline.csproj", "{ACFEC5A0-732C-3BC1-7B09-AF109502E65B}"
EndProject
Project("{FAE04EC0-301F-11D3-BF4B-00C04F79EFBC}") = "AdofaiUtils2", "AdofaiUtils2.csproj", "{A1C24895-29C0-6381-4A65-96A4A557CC2B}"
EndProject
Project("{FAE04EC0-301F-11D3-BF4B-00C04F79EFBC}") = "uTinyRipperCore", "uTinyRipperCore.csproj", "{257139A8-23D0-8D1F-1FC1-4ABC88CAFA36}"
EndProject
Project("{FAE04EC0-301F-11D3-BF4B-00C04F79EFBC}") = "Unity.TextMeshPro.Editor", "Unity.TextMeshPro.Editor.csproj", "{83A3EC34-B8DD-1556-A29F-F2D5C48E5AF3}"
EndProject
Project("{FAE04EC0-301F-11D3-BF4B-00C04F79EFBC}") = "Unity.Timeline.Editor", "Unity.Timeline.Editor.csproj", "{83953B0A-A25B-D981-9671-F7809D754647}"
EndProject
Project("{FAE04EC0-301F-11D3-BF4B-00C04F79EFBC}") = "Unity.ScriptableBuildPipeline.Editor", "Unity.ScriptableBuildPipeline.Editor.csproj", "{D8AAC2FF-848A-02C7-6017-C04E3F7FC8C3}"
EndProject
Project("{FAE04EC0-301F-11D3-BF4B-00C04F79EFBC}") = "UnityEditor.TestRunner", "UnityEditor.TestRunner.csproj", "{F315C2A2-95A3-0587-033B-329298A8ECD4}"
EndProject
Project("{FAE04EC0-301F-11D3-BF4B-00C04F79EFBC}") = "ThunderKit.Core", "ThunderKit.Core.csproj", "{3E178D00-61C4-243F-84B0-270ACFC21221}"
EndProject
Project("{FAE04EC0-301F-11D3-BF4B-00C04F79EFBC}") = "ThunderKit.Thunderstore", "ThunderKit.Thunderstore.csproj", "{C77311A7-ECF2-607B-BAC4-5E626135FFA2}"
EndProject
Project("{FAE04EC0-301F-11D3-BF4B-00C04F79EFBC}") = "UnityEditor.UI", "UnityEditor.UI.csproj", "{D1041C8D-9DF1-94D2-6337-F04EF8EA48CB}"
EndProject
Project("{FAE04EC0-301F-11D3-BF4B-00C04F79EFBC}") = "ThunderKit.Common", "ThunderKit.Common.csproj", "{549D778F-D6EE-2D63-5B5D-D2AF3AFF3BC1}"
EndProject
Project("{FAE04EC0-301F-11D3-BF4B-00C04F79EFBC}") = "Unity.Rider.Editor", "Unity.Rider.Editor.csproj", "{640747FE-25B6-58E9-E665-9D34821E33AA}"
EndProject
Project("{FAE04EC0-301F-11D3-BF4B-00C04F79EFBC}") = "ThunderKit.Markdown", "ThunderKit.Markdown.csproj", "{2F984EC9-5DEC-D5BB-0058-4D2E35A329D0}"
EndProject
Project("{FAE04EC0-301F-11D3-BF4B-00C04F79EFBC}") = "UnityEditor.CacheServer", "UnityEditor.CacheServer.csproj", "{C075C415-5601-6B82-ABD7-B3617893CECC}"
EndProject
Project("{FAE04EC0-301F-11D3-BF4B-00C04F79EFBC}") = "Unity.CollabProxy.Editor", "Unity.CollabProxy.Editor.csproj", "{FD6A610C-7458-00C5-DDB9-5CD0FF1C7A16}"
EndProject
Project("{FAE04EC0-301F-11D3-BF4B-00C04F79EFBC}") = "Unity.VSCode.Editor", "Unity.VSCode.Editor.csproj", "{5B082AB8-68C8-4FD7-3DD1-5718F6E41401}"
EndProject
Project("{FAE04EC0-301F-11D3-BF4B-00C04F79EFBC}") = "uTinyThunderRipper", "uTinyThunderRipper.csproj", "{2CCD0A04-BAEE-7A18-58E1-B9FA301FBB72}"
EndProject
Project("{FAE04EC0-301F-11D3-BF4B-00C04F79EFBC}") = "RoR2Importer", "RoR2Importer.csproj", "{6EE901D4-EDEA-B112-5EA9-9824C053A6D4}"
EndProject
Global
	GlobalSection(SolutionConfigurationPlatforms) = preSolution
		Debug|Any CPU = Debug|Any CPU
		Release|Any CPU = Release|Any CPU
	EndGlobalSection
	GlobalSection(ProjectConfigurationPlatforms) = postSolution
		{34B8D60D-E578-8168-B6EC-A1FD4D4510F6}.Debug|Any CPU.ActiveCfg = Debug|Any CPU
		{34B8D60D-E578-8168-B6EC-A1FD4D4510F6}.Debug|Any CPU.Build.0 = Debug|Any CPU
		{34B8D60D-E578-8168-B6EC-A1FD4D4510F6}.Release|Any CPU.ActiveCfg = Release|Any CPU
		{34B8D60D-E578-8168-B6EC-A1FD4D4510F6}.Release|Any CPU.Build.0 = Release|Any CPU
		{ABEAB272-7544-BD62-D345-677BA763B7DE}.Debug|Any CPU.ActiveCfg = Debug|Any CPU
		{ABEAB272-7544-BD62-D345-677BA763B7DE}.Debug|Any CPU.Build.0 = Debug|Any CPU
		{ABEAB272-7544-BD62-D345-677BA763B7DE}.Release|Any CPU.ActiveCfg = Release|Any CPU
		{ABEAB272-7544-BD62-D345-677BA763B7DE}.Release|Any CPU.Build.0 = Release|Any CPU
		{D5B55355-2E0D-6047-412C-9530C2E58E8B}.Debug|Any CPU.ActiveCfg = Debug|Any CPU
		{D5B55355-2E0D-6047-412C-9530C2E58E8B}.Debug|Any CPU.Build.0 = Debug|Any CPU
		{D5B55355-2E0D-6047-412C-9530C2E58E8B}.Release|Any CPU.ActiveCfg = Release|Any CPU
		{D5B55355-2E0D-6047-412C-9530C2E58E8B}.Release|Any CPU.Build.0 = Release|Any CPU
		{0DD5B54E-79C8-CB0C-3625-30ACF804C81A}.Debug|Any CPU.ActiveCfg = Debug|Any CPU
		{0DD5B54E-79C8-CB0C-3625-30ACF804C81A}.Debug|Any CPU.Build.0 = Debug|Any CPU
		{0DD5B54E-79C8-CB0C-3625-30ACF804C81A}.Release|Any CPU.ActiveCfg = Release|Any CPU
		{0DD5B54E-79C8-CB0C-3625-30ACF804C81A}.Release|Any CPU.Build.0 = Release|Any CPU
		{ACFEC5A0-732C-3BC1-7B09-AF109502E65B}.Debug|Any CPU.ActiveCfg = Debug|Any CPU
		{ACFEC5A0-732C-3BC1-7B09-AF109502E65B}.Debug|Any CPU.Build.0 = Debug|Any CPU
		{ACFEC5A0-732C-3BC1-7B09-AF109502E65B}.Release|Any CPU.ActiveCfg = Release|Any CPU
		{ACFEC5A0-732C-3BC1-7B09-AF109502E65B}.Release|Any CPU.Build.0 = Release|Any CPU
		{A1C24895-29C0-6381-4A65-96A4A557CC2B}.Debug|Any CPU.ActiveCfg = Debug|Any CPU
		{A1C24895-29C0-6381-4A65-96A4A557CC2B}.Debug|Any CPU.Build.0 = Debug|Any CPU
		{A1C24895-29C0-6381-4A65-96A4A557CC2B}.Release|Any CPU.ActiveCfg = Release|Any CPU
		{A1C24895-29C0-6381-4A65-96A4A557CC2B}.Release|Any CPU.Build.0 = Release|Any CPU
		{257139A8-23D0-8D1F-1FC1-4ABC88CAFA36}.Debug|Any CPU.ActiveCfg = Debug|Any CPU
		{257139A8-23D0-8D1F-1FC1-4ABC88CAFA36}.Debug|Any CPU.Build.0 = Debug|Any CPU
		{257139A8-23D0-8D1F-1FC1-4ABC88CAFA36}.Release|Any CPU.ActiveCfg = Release|Any CPU
		{257139A8-23D0-8D1F-1FC1-4ABC88CAFA36}.Release|Any CPU.Build.0 = Release|Any CPU
		{83A3EC34-B8DD-1556-A29F-F2D5C48E5AF3}.Debug|Any CPU.ActiveCfg = Debug|Any CPU
		{83A3EC34-B8DD-1556-A29F-F2D5C48E5AF3}.Debug|Any CPU.Build.0 = Debug|Any CPU
		{83A3EC34-B8DD-1556-A29F-F2D5C48E5AF3}.Release|Any CPU.ActiveCfg = Release|Any CPU
		{83A3EC34-B8DD-1556-A29F-F2D5C48E5AF3}.Release|Any CPU.Build.0 = Release|Any CPU
		{83953B0A-A25B-D981-9671-F7809D754647}.Debug|Any CPU.ActiveCfg = Debug|Any CPU
		{83953B0A-A25B-D981-9671-F7809D754647}.Debug|Any CPU.Build.0 = Debug|Any CPU
		{83953B0A-A25B-D981-9671-F7809D754647}.Release|Any CPU.ActiveCfg = Release|Any CPU
		{83953B0A-A25B-D981-9671-F7809D754647}.Release|Any CPU.Build.0 = Release|Any CPU
		{D8AAC2FF-848A-02C7-6017-C04E3F7FC8C3}.Debug|Any CPU.ActiveCfg = Debug|Any CPU
		{D8AAC2FF-848A-02C7-6017-C04E3F7FC8C3}.Debug|Any CPU.Build.0 = Debug|Any CPU
		{D8AAC2FF-848A-02C7-6017-C04E3F7FC8C3}.Release|Any CPU.ActiveCfg = Release|Any CPU
		{D8AAC2FF-848A-02C7-6017-C04E3F7FC8C3}.Release|Any CPU.Build.0 = Release|Any CPU
		{F315C2A2-95A3-0587-033B-329298A8ECD4}.Debug|Any CPU.ActiveCfg = Debug|Any CPU
		{F315C2A2-95A3-0587-033B-329298A8ECD4}.Debug|Any CPU.Build.0 = Debug|Any CPU
		{F315C2A2-95A3-0587-033B-329298A8ECD4}.Release|Any CPU.ActiveCfg = Release|Any CPU
		{F315C2A2-95A3-0587-033B-329298A8ECD4}.Release|Any CPU.Build.0 = Release|Any CPU
		{3E178D00-61C4-243F-84B0-270ACFC21221}.Debug|Any CPU.ActiveCfg = Debug|Any CPU
		{3E178D00-61C4-243F-84B0-270ACFC21221}.Debug|Any CPU.Build.0 = Debug|Any CPU
		{3E178D00-61C4-243F-84B0-270ACFC21221}.Release|Any CPU.ActiveCfg = Release|Any CPU
		{3E178D00-61C4-243F-84B0-270ACFC21221}.Release|Any CPU.Build.0 = Release|Any CPU
		{C77311A7-ECF2-607B-BAC4-5E626135FFA2}.Debug|Any CPU.ActiveCfg = Debug|Any CPU
		{C77311A7-ECF2-607B-BAC4-5E626135FFA2}.Debug|Any CPU.Build.0 = Debug|Any CPU
		{C77311A7-ECF2-607B-BAC4-5E626135FFA2}.Release|Any CPU.ActiveCfg = Release|Any CPU
		{C77311A7-ECF2-607B-BAC4-5E626135FFA2}.Release|Any CPU.Build.0 = Release|Any CPU
		{D1041C8D-9DF1-94D2-6337-F04EF8EA48CB}.Debug|Any CPU.ActiveCfg = Debug|Any CPU
		{D1041C8D-9DF1-94D2-6337-F04EF8EA48CB}.Debug|Any CPU.Build.0 = Debug|Any CPU
		{D1041C8D-9DF1-94D2-6337-F04EF8EA48CB}.Release|Any CPU.ActiveCfg = Release|Any CPU
		{D1041C8D-9DF1-94D2-6337-F04EF8EA48CB}.Release|Any CPU.Build.0 = Release|Any CPU
		{549D778F-D6EE-2D63-5B5D-D2AF3AFF3BC1}.Debug|Any CPU.ActiveCfg = Debug|Any CPU
		{549D778F-D6EE-2D63-5B5D-D2AF3AFF3BC1}.Debug|Any CPU.Build.0 = Debug|Any CPU
		{549D778F-D6EE-2D63-5B5D-D2AF3AFF3BC1}.Release|Any CPU.ActiveCfg = Release|Any CPU
		{549D778F-D6EE-2D63-5B5D-D2AF3AFF3BC1}.Release|Any CPU.Build.0 = Release|Any CPU
		{640747FE-25B6-58E9-E665-9D34821E33AA}.Debug|Any CPU.ActiveCfg = Debug|Any CPU
		{640747FE-25B6-58E9-E665-9D34821E33AA}.Debug|Any CPU.Build.0 = Debug|Any CPU
		{640747FE-25B6-58E9-E665-9D34821E33AA}.Release|Any CPU.ActiveCfg = Release|Any CPU
		{640747FE-25B6-58E9-E665-9D34821E33AA}.Release|Any CPU.Build.0 = Release|Any CPU
		{2F984EC9-5DEC-D5BB-0058-4D2E35A329D0}.Debug|Any CPU.ActiveCfg = Debug|Any CPU
		{2F984EC9-5DEC-D5BB-0058-4D2E35A329D0}.Debug|Any CPU.Build.0 = Debug|Any CPU
		{2F984EC9-5DEC-D5BB-0058-4D2E35A329D0}.Release|Any CPU.ActiveCfg = Release|Any CPU
		{2F984EC9-5DEC-D5BB-0058-4D2E35A329D0}.Release|Any CPU.Build.0 = Release|Any CPU
		{C075C415-5601-6B82-ABD7-B3617893CECC}.Debug|Any CPU.ActiveCfg = Debug|Any CPU
		{C075C415-5601-6B82-ABD7-B3617893CECC}.Debug|Any CPU.Build.0 = Debug|Any CPU
		{C075C415-5601-6B82-ABD7-B3617893CECC}.Release|Any CPU.ActiveCfg = Release|Any CPU
		{C075C415-5601-6B82-ABD7-B3617893CECC}.Release|Any CPU.Build.0 = Release|Any CPU
		{FD6A610C-7458-00C5-DDB9-5CD0FF1C7A16}.Debug|Any CPU.ActiveCfg = Debug|Any CPU
		{FD6A610C-7458-00C5-DDB9-5CD0FF1C7A16}.Debug|Any CPU.Build.0 = Debug|Any CPU
		{FD6A610C-7458-00C5-DDB9-5CD0FF1C7A16}.Release|Any CPU.ActiveCfg = Release|Any CPU
		{FD6A610C-7458-00C5-DDB9-5CD0FF1C7A16}.Release|Any CPU.Build.0 = Release|Any CPU
		{5B082AB8-68C8-4FD7-3DD1-5718F6E41401}.Debug|Any CPU.ActiveCfg = Debug|Any CPU
		{5B082AB8-68C8-4FD7-3DD1-5718F6E41401}.Debug|Any CPU.Build.0 = Debug|Any CPU
		{5B082AB8-68C8-4FD7-3DD1-5718F6E41401}.Release|Any CPU.ActiveCfg = Release|Any CPU
		{5B082AB8-68C8-4FD7-3DD1-5718F6E41401}.Release|Any CPU.Build.0 = Release|Any CPU
		{2CCD0A04-BAEE-7A18-58E1-B9FA301FBB72}.Debug|Any CPU.ActiveCfg = Debug|Any CPU
		{2CCD0A04-BAEE-7A18-58E1-B9FA301FBB72}.Debug|Any CPU.Build.0 = Debug|Any CPU
		{2CCD0A04-BAEE-7A18-58E1-B9FA301FBB72}.Release|Any CPU.ActiveCfg = Release|Any CPU
		{2CCD0A04-BAEE-7A18-58E1-B9FA301FBB72}.Release|Any CPU.Build.0 = Release|Any CPU
		{6EE901D4-EDEA-B112-5EA9-9824C053A6D4}.Debug|Any CPU.ActiveCfg = Debug|Any CPU
		{6EE901D4-EDEA-B112-5EA9-9824C053A6D4}.Debug|Any CPU.Build.0 = Debug|Any CPU
		{6EE901D4-EDEA-B112-5EA9-9824C053A6D4}.Release|Any CPU.ActiveCfg = Release|Any CPU
		{6EE901D4-EDEA-B112-5EA9-9824C053A6D4}.Release|Any CPU.Build.0 = Release|Any CPU
	EndGlobalSection
	GlobalSection(SolutionProperties) = preSolution
		HideSolutionNode = FALSE
	EndGlobalSection
EndGlobal
